// !$*UTF8*$!
{
	archiveVersion = 1;
	classes = {
	};
	objectVersion = 48;
	objects = {

/* Begin PBXBuildFile section */
		0649F29D25B6D81C0054E1C9 /* BinarySearchTree.swift in Sources */ = {isa = PBXBuildFile; fileRef = 0649F29925B6D81C0054E1C9 /* BinarySearchTree.swift */; };
		0649F29E25B6D81C0054E1C9 /* RedBlackTree.swift in Sources */ = {isa = PBXBuildFile; fileRef = 0649F29A25B6D81C0054E1C9 /* RedBlackTree.swift */; };
		0649F29F25B6D81C0054E1C9 /* TreapTree.swift in Sources */ = {isa = PBXBuildFile; fileRef = 0649F29B25B6D81C0054E1C9 /* TreapTree.swift */; };
		0649F2A025B6D81C0054E1C9 /* HashTable.swift in Sources */ = {isa = PBXBuildFile; fileRef = 0649F29C25B6D81C0054E1C9 /* HashTable.swift */; };
		0649F2A525B6D8880054E1C9 /* MergeSort.swift in Sources */ = {isa = PBXBuildFile; fileRef = 0649F2A425B6D8880054E1C9 /* MergeSort.swift */; };
		0649F2A925B6FF5C0054E1C9 /* HeapSort.swift in Sources */ = {isa = PBXBuildFile; fileRef = 0649F2A825B6FF5C0054E1C9 /* HeapSort.swift */; };
		06C3C14025B52FBF0000A86D /* InsertSort.swift in Sources */ = {isa = PBXBuildFile; fileRef = 06C3C13F25B52FBF0000A86D /* InsertSort.swift */; };
		06C3C14325B532160000A86D /* QuickSort.swift in Sources */ = {isa = PBXBuildFile; fileRef = 06C3C14225B532160000A86D /* QuickSort.swift */; };
		06ECC22925B6CF7200B2C7C8 /* ArraySort.swift in Sources */ = {isa = PBXBuildFile; fileRef = 06ECC22825B6CF7200B2C7C8 /* ArraySort.swift */; };
		4A1D0138223A2DBB005BAFCC /* Protocol.swift in Sources */ = {isa = PBXBuildFile; fileRef = 4A1D0137223A2DBB005BAFCC /* Protocol.swift */; };
		4A1D013A223A3B54005BAFCC /* Utilities.swift in Sources */ = {isa = PBXBuildFile; fileRef = 4A1D0139223A3B54005BAFCC /* Utilities.swift */; };
		4A444AFB225B515400168DB5 /* LinkedDisjointSet.swift in Sources */ = {isa = PBXBuildFile; fileRef = 4A444AFA225B515400168DB5 /* LinkedDisjointSet.swift */; };
		4A5C20DE224B700100447B71 /* Stack.swift in Sources */ = {isa = PBXBuildFile; fileRef = 4A5C20DD224B700100447B71 /* Stack.swift */; };
		4A7236C720F277FA009BD692 /* main.swift in Sources */ = {isa = PBXBuildFile; fileRef = 4A7236C620F277FA009BD692 /* main.swift */; };
		4A7236CE20F27985009BD692 /* Sort.swift in Sources */ = {isa = PBXBuildFile; fileRef = 4A7236CD20F27985009BD692 /* Sort.swift */; };
		4A7E44C7223B3AA000D147BB /* MatrixChainOrder.swift in Sources */ = {isa = PBXBuildFile; fileRef = 4A7E44C6223B3AA000D147BB /* MatrixChainOrder.swift */; };
		4A7E44C9223B923000D147BB /* LongestCommonSubsequence.swift in Sources */ = {isa = PBXBuildFile; fileRef = 4A7E44C8223B923000D147BB /* LongestCommonSubsequence.swift */; };
		4A96B41F224C960C00013C89 /* FBHeap.swift in Sources */ = {isa = PBXBuildFile; fileRef = 4A96B41E224C960C00013C89 /* FBHeap.swift */; };
		4AA1ABCD2240C5F600424D7C /* ActivitySelector.swift in Sources */ = {isa = PBXBuildFile; fileRef = 4AA1ABCC2240C5F600424D7C /* ActivitySelector.swift */; };
		4AB070D3224237660049F8F2 /* BTree.swift in Sources */ = {isa = PBXBuildFile; fileRef = 4AB070D2224237660049F8F2 /* BTree.swift */; };
		4ABDFE092160D148001F851C /* CGUtilities.swift in Sources */ = {isa = PBXBuildFile; fileRef = 4ABDFE082160D148001F851C /* CGUtilities.swift */; };
		4AD1544A2179A85600891212 /* CutRod.swift in Sources */ = {isa = PBXBuildFile; fileRef = 4AD154492179A85600891212 /* CutRod.swift */; };
		4AD6A1B5223F4B0100589B14 /* LongestIncreasingSubsequence.swift in Sources */ = {isa = PBXBuildFile; fileRef = 4AD6A1B4223F4B0100589B14 /* LongestIncreasingSubsequence.swift */; };
		4AD6A1B7223F4F8B00589B14 /* LongestPalindromeSubsequence.swift in Sources */ = {isa = PBXBuildFile; fileRef = 4AD6A1B6223F4F8B00589B14 /* LongestPalindromeSubsequence.swift */; };
		4AD6A1B9223F69D700589B14 /* TravelingSalesmanProblem.swift in Sources */ = {isa = PBXBuildFile; fileRef = 4AD6A1B8223F69D700589B14 /* TravelingSalesmanProblem.swift */; };
		4AE0DA73225C4BA3008EEAFB /* DisjointSet.swift in Sources */ = {isa = PBXBuildFile; fileRef = 4AE0DA72225C4BA3008EEAFB /* DisjointSet.swift */; };
/* End PBXBuildFile section */

/* Begin PBXCopyFilesBuildPhase section */
		4A7236C120F277FA009BD692 /* CopyFiles */ = {
			isa = PBXCopyFilesBuildPhase;
			buildActionMask = 2147483647;
			dstPath = /usr/share/man/man1/;
			dstSubfolderSpec = 0;
			files = (
			);
			runOnlyForDeploymentPostprocessing = 1;
		};
/* End PBXCopyFilesBuildPhase section */

/* Begin PBXFileReference section */
		0649F29925B6D81C0054E1C9 /* BinarySearchTree.swift */ = {isa = PBXFileReference; fileEncoding = 4; lastKnownFileType = sourcecode.swift; path = BinarySearchTree.swift; sourceTree = "<group>"; };
		0649F29A25B6D81C0054E1C9 /* RedBlackTree.swift */ = {isa = PBXFileReference; fileEncoding = 4; lastKnownFileType = sourcecode.swift; path = RedBlackTree.swift; sourceTree = "<group>"; };
		0649F29B25B6D81C0054E1C9 /* TreapTree.swift */ = {isa = PBXFileReference; fileEncoding = 4; lastKnownFileType = sourcecode.swift; path = TreapTree.swift; sourceTree = "<group>"; };
		0649F29C25B6D81C0054E1C9 /* HashTable.swift */ = {isa = PBXFileReference; fileEncoding = 4; lastKnownFileType = sourcecode.swift; path = HashTable.swift; sourceTree = "<group>"; };
		0649F2A425B6D8880054E1C9 /* MergeSort.swift */ = {isa = PBXFileReference; lastKnownFileType = sourcecode.swift; path = MergeSort.swift; sourceTree = "<group>"; };
		0649F2A825B6FF5C0054E1C9 /* HeapSort.swift */ = {isa = PBXFileReference; lastKnownFileType = sourcecode.swift; path = HeapSort.swift; sourceTree = "<group>"; };
		06C3C13F25B52FBF0000A86D /* InsertSort.swift */ = {isa = PBXFileReference; lastKnownFileType = sourcecode.swift; path = InsertSort.swift; sourceTree = "<group>"; };
		06C3C14225B532160000A86D /* QuickSort.swift */ = {isa = PBXFileReference; lastKnownFileType = sourcecode.swift; path = QuickSort.swift; sourceTree = "<group>"; };
		06ECC22825B6CF7200B2C7C8 /* ArraySort.swift */ = {isa = PBXFileReference; lastKnownFileType = sourcecode.swift; path = ArraySort.swift; sourceTree = "<group>"; };
		4A1D0134223A2C3B005BAFCC /* README.md */ = {isa = PBXFileReference; lastKnownFileType = net.daringfireball.markdown; path = README.md; sourceTree = "<group>"; };
		4A1D0137223A2DBB005BAFCC /* Protocol.swift */ = {isa = PBXFileReference; lastKnownFileType = sourcecode.swift; path = Protocol.swift; sourceTree = "<group>"; };
		4A1D0139223A3B54005BAFCC /* Utilities.swift */ = {isa = PBXFileReference; lastKnownFileType = sourcecode.swift; path = Utilities.swift; sourceTree = "<group>"; };
		4A444AFA225B515400168DB5 /* LinkedDisjointSet.swift */ = {isa = PBXFileReference; lastKnownFileType = sourcecode.swift; path = LinkedDisjointSet.swift; sourceTree = "<group>"; };
		4A5C20DD224B700100447B71 /* Stack.swift */ = {isa = PBXFileReference; lastKnownFileType = sourcecode.swift; path = Stack.swift; sourceTree = "<group>"; };
		4A7236C320F277FA009BD692 /* IntroductionToAlgorithms */ = {isa = PBXFileReference; explicitFileType = "compiled.mach-o.executable"; includeInIndex = 0; path = IntroductionToAlgorithms; sourceTree = BUILT_PRODUCTS_DIR; };
		4A7236C620F277FA009BD692 /* main.swift */ = {isa = PBXFileReference; lastKnownFileType = sourcecode.swift; path = main.swift; sourceTree = "<group>"; };
		4A7236CD20F27985009BD692 /* Sort.swift */ = {isa = PBXFileReference; lastKnownFileType = sourcecode.swift; path = Sort.swift; sourceTree = "<group>"; };
		4A7E44C6223B3AA000D147BB /* MatrixChainOrder.swift */ = {isa = PBXFileReference; lastKnownFileType = sourcecode.swift; path = MatrixChainOrder.swift; sourceTree = "<group>"; };
		4A7E44C8223B923000D147BB /* LongestCommonSubsequence.swift */ = {isa = PBXFileReference; lastKnownFileType = sourcecode.swift; path = LongestCommonSubsequence.swift; sourceTree = "<group>"; };
		4A96B41E224C960C00013C89 /* FBHeap.swift */ = {isa = PBXFileReference; lastKnownFileType = sourcecode.swift; path = FBHeap.swift; sourceTree = "<group>"; };
		4AA1ABCC2240C5F600424D7C /* ActivitySelector.swift */ = {isa = PBXFileReference; lastKnownFileType = sourcecode.swift; path = ActivitySelector.swift; sourceTree = "<group>"; };
		4AB070D2224237660049F8F2 /* BTree.swift */ = {isa = PBXFileReference; lastKnownFileType = sourcecode.swift; path = BTree.swift; sourceTree = "<group>"; };
		4ABDFE082160D148001F851C /* CGUtilities.swift */ = {isa = PBXFileReference; lastKnownFileType = sourcecode.swift; path = CGUtilities.swift; sourceTree = "<group>"; };
		4AD154492179A85600891212 /* CutRod.swift */ = {isa = PBXFileReference; lastKnownFileType = sourcecode.swift; path = CutRod.swift; sourceTree = "<group>"; };
		4AD6A1B4223F4B0100589B14 /* LongestIncreasingSubsequence.swift */ = {isa = PBXFileReference; lastKnownFileType = sourcecode.swift; path = LongestIncreasingSubsequence.swift; sourceTree = "<group>"; };
		4AD6A1B6223F4F8B00589B14 /* LongestPalindromeSubsequence.swift */ = {isa = PBXFileReference; lastKnownFileType = sourcecode.swift; path = LongestPalindromeSubsequence.swift; sourceTree = "<group>"; };
		4AD6A1B8223F69D700589B14 /* TravelingSalesmanProblem.swift */ = {isa = PBXFileReference; lastKnownFileType = sourcecode.swift; path = TravelingSalesmanProblem.swift; sourceTree = "<group>"; };
		4AE0DA72225C4BA3008EEAFB /* DisjointSet.swift */ = {isa = PBXFileReference; lastKnownFileType = sourcecode.swift; path = DisjointSet.swift; sourceTree = "<group>"; };
/* End PBXFileReference section */

/* Begin PBXFrameworksBuildPhase section */
		4A7236C020F277FA009BD692 /* Frameworks */ = {
			isa = PBXFrameworksBuildPhase;
			buildActionMask = 2147483647;
			files = (
			);
			runOnlyForDeploymentPostprocessing = 0;
		};
/* End PBXFrameworksBuildPhase section */

/* Begin PBXGroup section */
		0649F29825B6D81C0054E1C9 /* DataStructures */ = {
			isa = PBXGroup;
			children = (
				0649F29925B6D81C0054E1C9 /* BinarySearchTree.swift */,
				0649F29A25B6D81C0054E1C9 /* RedBlackTree.swift */,
				0649F29B25B6D81C0054E1C9 /* TreapTree.swift */,
				0649F29C25B6D81C0054E1C9 /* HashTable.swift */,
			);
			path = DataStructures;
			sourceTree = "<group>";
		};
		4A1D0136223A2D9F005BAFCC /* Sorting */ = {
			isa = PBXGroup;
			children = (
				4A7236CD20F27985009BD692 /* Sort.swift */,
				06C3C13F25B52FBF0000A86D /* InsertSort.swift */,
				06C3C14225B532160000A86D /* QuickSort.swift */,
				06ECC22825B6CF7200B2C7C8 /* ArraySort.swift */,
				0649F2A425B6D8880054E1C9 /* MergeSort.swift */,
				0649F2A825B6FF5C0054E1C9 /* HeapSort.swift */,
			);
			path = Sorting;
			sourceTree = "<group>";
		};
		4A27BF81215F172C003C8519 /* ComputationalGeometry */ = {
			isa = PBXGroup;
			children = (
				4ABDFE082160D148001F851C /* CGUtilities.swift */,
			);
			path = ComputationalGeometry;
			sourceTree = "<group>";
		};
		4A5C20DA224B6F1500447B71 /* AmortizedAnalysis */ = {
			isa = PBXGroup;
			children = (
				4A5C20DD224B700100447B71 /* Stack.swift */,
			);
			path = AmortizedAnalysis;
			sourceTree = "<group>";
		};
		4A7236BA20F277FA009BD692 = {
			isa = PBXGroup;
			children = (
				4A7236C520F277FA009BD692 /* IntroductionToAlgorithms */,
				4A7236C420F277FA009BD692 /* Products */,
			);
			sourceTree = "<group>";
		};
		4A7236C420F277FA009BD692 /* Products */ = {
			isa = PBXGroup;
			children = (
				4A7236C320F277FA009BD692 /* IntroductionToAlgorithms */,
			);
			name = Products;
			sourceTree = "<group>";
		};
		4A7236C520F277FA009BD692 /* IntroductionToAlgorithms */ = {
			isa = PBXGroup;
			children = (
				4A1D0134223A2C3B005BAFCC /* README.md */,
				4A7236C620F277FA009BD692 /* main.swift */,
				4A1D0137223A2DBB005BAFCC /* Protocol.swift */,
				4A1D0139223A3B54005BAFCC /* Utilities.swift */,
				4AB070D1224237250049F8F2 /* AdvancedDataStructures */,
				4A5C20DA224B6F1500447B71 /* AmortizedAnalysis */,
				4A27BF81215F172C003C8519 /* ComputationalGeometry */,
				0649F29825B6D81C0054E1C9 /* DataStructures */,
				4AD154482179A82B00891212 /* DynamicProgramming */,
				4A1D0136223A2D9F005BAFCC /* Sorting */,
			);
			path = IntroductionToAlgorithms;
			sourceTree = "<group>";
		};
		4AB070D1224237250049F8F2 /* AdvancedDataStructures */ = {
			isa = PBXGroup;
			children = (
				4AB070D2224237660049F8F2 /* BTree.swift */,
				4A96B41E224C960C00013C89 /* FBHeap.swift */,
				4A444AFA225B515400168DB5 /* LinkedDisjointSet.swift */,
				4AE0DA72225C4BA3008EEAFB /* DisjointSet.swift */,
			);
			path = AdvancedDataStructures;
			sourceTree = "<group>";
		};
		4AD154482179A82B00891212 /* DynamicProgramming */ = {
			isa = PBXGroup;
			children = (
				4AD154492179A85600891212 /* CutRod.swift */,
				4A7E44C6223B3AA000D147BB /* MatrixChainOrder.swift */,
				4A7E44C8223B923000D147BB /* LongestCommonSubsequence.swift */,
				4AD6A1B4223F4B0100589B14 /* LongestIncreasingSubsequence.swift */,
				4AD6A1B6223F4F8B00589B14 /* LongestPalindromeSubsequence.swift */,
				4AD6A1B8223F69D700589B14 /* TravelingSalesmanProblem.swift */,
				4AA1ABCC2240C5F600424D7C /* ActivitySelector.swift */,
			);
			path = DynamicProgramming;
			sourceTree = "<group>";
		};
/* End PBXGroup section */

/* Begin PBXNativeTarget section */
		4A7236C220F277FA009BD692 /* IntroductionToAlgorithms */ = {
			isa = PBXNativeTarget;
			buildConfigurationList = 4A7236CA20F277FA009BD692 /* Build configuration list for PBXNativeTarget "IntroductionToAlgorithms" */;
			buildPhases = (
				4A7236BF20F277FA009BD692 /* Sources */,
				4A7236C020F277FA009BD692 /* Frameworks */,
				4A7236C120F277FA009BD692 /* CopyFiles */,
			);
			buildRules = (
			);
			dependencies = (
			);
			name = IntroductionToAlgorithms;
			productName = IntroductionToAlgorithms;
			productReference = 4A7236C320F277FA009BD692 /* IntroductionToAlgorithms */;
			productType = "com.apple.product-type.tool";
		};
/* End PBXNativeTarget section */

/* Begin PBXProject section */
		4A7236BB20F277FA009BD692 /* Project object */ = {
			isa = PBXProject;
			attributes = {
				LastSwiftUpdateCheck = 0920;
				LastUpgradeCheck = 1230;
				ORGANIZATIONNAME = mangonob;
				TargetAttributes = {
					4A7236C220F277FA009BD692 = {
						CreatedOnToolsVersion = 9.2;
						LastSwiftMigration = 1230;
						ProvisioningStyle = Automatic;
					};
				};
			};
			buildConfigurationList = 4A7236BE20F277FA009BD692 /* Build configuration list for PBXProject "IntroductionToAlgorithms" */;
			compatibilityVersion = "Xcode 8.0";
			developmentRegion = en;
			hasScannedForEncodings = 0;
			knownRegions = (
				en,
			);
			mainGroup = 4A7236BA20F277FA009BD692;
			productRefGroup = 4A7236C420F277FA009BD692 /* Products */;
			projectDirPath = "";
			projectRoot = "";
			targets = (
				4A7236C220F277FA009BD692 /* IntroductionToAlgorithms */,
			);
		};
/* End PBXProject section */

/* Begin PBXSourcesBuildPhase section */
		4A7236BF20F277FA009BD692 /* Sources */ = {
			isa = PBXSourcesBuildPhase;
			buildActionMask = 2147483647;
			files = (
				4A7236C720F277FA009BD692 /* main.swift in Sources */,
				06ECC22925B6CF7200B2C7C8 /* ArraySort.swift in Sources */,
				0649F29D25B6D81C0054E1C9 /* BinarySearchTree.swift in Sources */,
				4A444AFB225B515400168DB5 /* LinkedDisjointSet.swift in Sources */,
				4AD6A1B9223F69D700589B14 /* TravelingSalesmanProblem.swift in Sources */,
				4A5C20DE224B700100447B71 /* Stack.swift in Sources */,
				4ABDFE092160D148001F851C /* CGUtilities.swift in Sources */,
				4A7E44C7223B3AA000D147BB /* MatrixChainOrder.swift in Sources */,
				4AA1ABCD2240C5F600424D7C /* ActivitySelector.swift in Sources */,
				0649F2A925B6FF5C0054E1C9 /* HeapSort.swift in Sources */,
				4A7E44C9223B923000D147BB /* LongestCommonSubsequence.swift in Sources */,
				4A1D0138223A2DBB005BAFCC /* Protocol.swift in Sources */,
				4A96B41F224C960C00013C89 /* FBHeap.swift in Sources */,
				4AB070D3224237660049F8F2 /* BTree.swift in Sources */,
				4AE0DA73225C4BA3008EEAFB /* DisjointSet.swift in Sources */,
				0649F29F25B6D81C0054E1C9 /* TreapTree.swift in Sources */,
				06C3C14325B532160000A86D /* QuickSort.swift in Sources */,
				4AD6A1B7223F4F8B00589B14 /* LongestPalindromeSubsequence.swift in Sources */,
				0649F29E25B6D81C0054E1C9 /* RedBlackTree.swift in Sources */,
				4A7236CE20F27985009BD692 /* Sort.swift in Sources */,
				0649F2A525B6D8880054E1C9 /* MergeSort.swift in Sources */,
				4AD6A1B5223F4B0100589B14 /* LongestIncreasingSubsequence.swift in Sources */,
				4A1D013A223A3B54005BAFCC /* Utilities.swift in Sources */,
				0649F2A025B6D81C0054E1C9 /* HashTable.swift in Sources */,
				06C3C14025B52FBF0000A86D /* InsertSort.swift in Sources */,
				4AD1544A2179A85600891212 /* CutRod.swift in Sources */,
			);
			runOnlyForDeploymentPostprocessing = 0;
		};
/* End PBXSourcesBuildPhase section */

/* Begin XCBuildConfiguration section */
		4A7236C820F277FA009BD692 /* Debug */ = {
			isa = XCBuildConfiguration;
			buildSettings = {
				ALWAYS_SEARCH_USER_PATHS = NO;
				CLANG_ANALYZER_NONNULL = YES;
				CLANG_ANALYZER_NUMBER_OBJECT_CONVERSION = YES_AGGRESSIVE;
				CLANG_CXX_LANGUAGE_STANDARD = "gnu++14";
				CLANG_CXX_LIBRARY = "libc++";
				CLANG_ENABLE_MODULES = YES;
				CLANG_ENABLE_OBJC_ARC = YES;
				CLANG_WARN_BLOCK_CAPTURE_AUTORELEASING = YES;
				CLANG_WARN_BOOL_CONVERSION = YES;
				CLANG_WARN_COMMA = YES;
				CLANG_WARN_CONSTANT_CONVERSION = YES;
				CLANG_WARN_DEPRECATED_OBJC_IMPLEMENTATIONS = YES;
				CLANG_WARN_DIRECT_OBJC_ISA_USAGE = YES_ERROR;
				CLANG_WARN_DOCUMENTATION_COMMENTS = YES;
				CLANG_WARN_EMPTY_BODY = YES;
				CLANG_WARN_ENUM_CONVERSION = YES;
				CLANG_WARN_INFINITE_RECURSION = YES;
				CLANG_WARN_INT_CONVERSION = YES;
				CLANG_WARN_NON_LITERAL_NULL_CONVERSION = YES;
				CLANG_WARN_OBJC_IMPLICIT_RETAIN_SELF = YES;
				CLANG_WARN_OBJC_LITERAL_CONVERSION = YES;
				CLANG_WARN_OBJC_ROOT_CLASS = YES_ERROR;
				CLANG_WARN_QUOTED_INCLUDE_IN_FRAMEWORK_HEADER = YES;
				CLANG_WARN_RANGE_LOOP_ANALYSIS = YES;
				CLANG_WARN_STRICT_PROTOTYPES = YES;
				CLANG_WARN_SUSPICIOUS_MOVE = YES;
				CLANG_WARN_UNGUARDED_AVAILABILITY = YES_AGGRESSIVE;
				CLANG_WARN_UNREACHABLE_CODE = YES;
				CLANG_WARN__DUPLICATE_METHOD_MATCH = YES;
				CODE_SIGN_IDENTITY = "Mac Developer";
				COPY_PHASE_STRIP = NO;
				DEBUG_INFORMATION_FORMAT = dwarf;
				ENABLE_STRICT_OBJC_MSGSEND = YES;
				ENABLE_TESTABILITY = YES;
				GCC_C_LANGUAGE_STANDARD = gnu11;
				GCC_DYNAMIC_NO_PIC = NO;
				GCC_NO_COMMON_BLOCKS = YES;
				GCC_OPTIMIZATION_LEVEL = 0;
				GCC_PREPROCESSOR_DEFINITIONS = (
					"DEBUG=1",
					"$(inherited)",
				);
				GCC_WARN_64_TO_32_BIT_CONVERSION = YES;
				GCC_WARN_ABOUT_RETURN_TYPE = YES_ERROR;
				GCC_WARN_UNDECLARED_SELECTOR = YES;
				GCC_WARN_UNINITIALIZED_AUTOS = YES_AGGRESSIVE;
				GCC_WARN_UNUSED_FUNCTION = YES;
				GCC_WARN_UNUSED_VARIABLE = YES;
				MACOSX_DEPLOYMENT_TARGET = 10.13;
				MTL_ENABLE_DEBUG_INFO = YES;
				ONLY_ACTIVE_ARCH = YES;
				SDKROOT = macosx;
				SWIFT_ACTIVE_COMPILATION_CONDITIONS = DEBUG;
				SWIFT_OPTIMIZATION_LEVEL = "-Onone";
			};
			name = Debug;
		};
		4A7236C920F277FA009BD692 /* Release */ = {
			isa = XCBuildConfiguration;
			buildSettings = {
				ALWAYS_SEARCH_USER_PATHS = NO;
				CLANG_ANALYZER_NONNULL = YES;
				CLANG_ANALYZER_NUMBER_OBJECT_CONVERSION = YES_AGGRESSIVE;
				CLANG_CXX_LANGUAGE_STANDARD = "gnu++14";
				CLANG_CXX_LIBRARY = "libc++";
				CLANG_ENABLE_MODULES = YES;
				CLANG_ENABLE_OBJC_ARC = YES;
				CLANG_WARN_BLOCK_CAPTURE_AUTORELEASING = YES;
				CLANG_WARN_BOOL_CONVERSION = YES;
				CLANG_WARN_COMMA = YES;
				CLANG_WARN_CONSTANT_CONVERSION = YES;
				CLANG_WARN_DEPRECATED_OBJC_IMPLEMENTATIONS = YES;
				CLANG_WARN_DIRECT_OBJC_ISA_USAGE = YES_ERROR;
				CLANG_WARN_DOCUMENTATION_COMMENTS = YES;
				CLANG_WARN_EMPTY_BODY = YES;
				CLANG_WARN_ENUM_CONVERSION = YES;
				CLANG_WARN_INFINITE_RECURSION = YES;
				CLANG_WARN_INT_CONVERSION = YES;
				CLANG_WARN_NON_LITERAL_NULL_CONVERSION = YES;
				CLANG_WARN_OBJC_IMPLICIT_RETAIN_SELF = YES;
				CLANG_WARN_OBJC_LITERAL_CONVERSION = YES;
				CLANG_WARN_OBJC_ROOT_CLASS = YES_ERROR;
				CLANG_WARN_QUOTED_INCLUDE_IN_FRAMEWORK_HEADER = YES;
				CLANG_WARN_RANGE_LOOP_ANALYSIS = YES;
				CLANG_WARN_STRICT_PROTOTYPES = YES;
				CLANG_WARN_SUSPICIOUS_MOVE = YES;
				CLANG_WARN_UNGUARDED_AVAILABILITY = YES_AGGRESSIVE;
				CLANG_WARN_UNREACHABLE_CODE = YES;
				CLANG_WARN__DUPLICATE_METHOD_MATCH = YES;
				CODE_SIGN_IDENTITY = "Mac Developer";
				COPY_PHASE_STRIP = NO;
				DEBUG_INFORMATION_FORMAT = "dwarf-with-dsym";
				ENABLE_NS_ASSERTIONS = NO;
				ENABLE_STRICT_OBJC_MSGSEND = YES;
				GCC_C_LANGUAGE_STANDARD = gnu11;
				GCC_NO_COMMON_BLOCKS = YES;
				GCC_WARN_64_TO_32_BIT_CONVERSION = YES;
				GCC_WARN_ABOUT_RETURN_TYPE = YES_ERROR;
				GCC_WARN_UNDECLARED_SELECTOR = YES;
				GCC_WARN_UNINITIALIZED_AUTOS = YES_AGGRESSIVE;
				GCC_WARN_UNUSED_FUNCTION = YES;
				GCC_WARN_UNUSED_VARIABLE = YES;
				MACOSX_DEPLOYMENT_TARGET = 10.13;
				MTL_ENABLE_DEBUG_INFO = NO;
				SDKROOT = macosx;
				SWIFT_OPTIMIZATION_LEVEL = "-Owholemodule";
			};
			name = Release;
		};
		4A7236CB20F277FA009BD692 /* Debug */ = {
			isa = XCBuildConfiguration;
			buildSettings = {
				CODE_SIGN_IDENTITY = "-";
				CODE_SIGN_STYLE = Automatic;
				DEVELOPMENT_TEAM = 658Q7J5C89;
				PRODUCT_NAME = "$(TARGET_NAME)";
				SWIFT_VERSION = 5.0;
			};
			name = Debug;
		};
		4A7236CC20F277FA009BD692 /* Release */ = {
			isa = XCBuildConfiguration;
			buildSettings = {
				CODE_SIGN_IDENTITY = "-";
				CODE_SIGN_STYLE = Automatic;
				DEVELOPMENT_TEAM = 658Q7J5C89;
				PRODUCT_NAME = "$(TARGET_NAME)";
				SWIFT_VERSION = 5.0;
			};
			name = Release;
		};
/* End XCBuildConfiguration section */

/* Begin XCConfigurationList section */
		4A7236BE20F277FA009BD692 /* Build configuration list for PBXProject "IntroductionToAlgorithms" */ = {
			isa = XCConfigurationList;
			buildConfigurations = (
				4A7236C820F277FA009BD692 /* Debug */,
				4A7236C920F277FA009BD692 /* Release */,
			);
			defaultConfigurationIsVisible = 0;
			defaultConfigurationName = Release;
		};
		4A7236CA20F277FA009BD692 /* Build configuration list for PBXNativeTarget "IntroductionToAlgorithms" */ = {
			isa = XCConfigurationList;
			buildConfigurations = (
				4A7236CB20F277FA009BD692 /* Debug */,
				4A7236CC20F277FA009BD692 /* Release */,
			);
			defaultConfigurationIsVisible = 0;
			defaultConfigurationName = Release;
		};
/* End XCConfigurationList section */
	};
	rootObject = 4A7236BB20F277FA009BD692 /* Project object */;
}
